
Microsoft Visual Studio Solution File, Format Version 12.00
# Visual Studio 15
VisualStudioVersion = 15.0.28307.1062
MinimumVisualStudioVersion = 10.0.40219.1
Project("{FAE04EC0-301F-11D3-BF4B-00C04F79EFBC}") = "MyGroup", "MyGroup\MyGroup.csproj", "{CC4EEAFD-6C58-486D-AA31-36E6E4ED95EF}"
EndProject
Global
	GlobalSection(SolutionConfigurationPlatforms) = preSolution
		Debug|Any CPU = Debug|Any CPU
		Release|Any CPU = Release|Any CPU
	EndGlobalSection
	GlobalSection(ProjectConfigurationPlatforms) = postSolution
		{CC4EEAFD-6C58-486D-AA31-36E6E4ED95EF}.Debug|Any CPU.ActiveCfg = Debug|Any CPU
		{CC4EEAFD-6C58-486D-AA31-36E6E4ED95EF}.Debug|Any CPU.Build.0 = Debug|Any CPU
		{CC4EEAFD-6C58-486D-AA31-36E6E4ED95EF}.Release|Any CPU.ActiveCfg = Release|Any CPU
		{CC4EEAFD-6C58-486D-AA31-36E6E4ED95EF}.Release|Any CPU.Build.0 = Release|Any CPU
	EndGlobalSection
	GlobalSection(SolutionProperties) = preSolution
		HideSolutionNode = FALSE
	EndGlobalSection
	GlobalSection(ExtensibilityGlobals) = postSolution
		SolutionGuid = {FA6E0D38-A42E-42A5-9726-23E275FFB2FC}
	EndGlobalSection
EndGlobal
